
Microsoft Visual Studio Solution File, Format Version 12.00
# Visual Studio Version 17
VisualStudioVersion = 17.13.35919.96
MinimumVisualStudioVersion = 10.0.40219.1
Project("{FAE04EC0-301F-11D3-BF4B-00C04F79EFBC}") = "ContentSourceGenerator", "ContentSourceGenerator\ContentSourceGenerator.csproj", "{BD580B00-2CB9-424F-B73D-F62E5E2D7C85}"
	ProjectSection(ProjectDependencies) = postProject
		{4F02D0CA-DE78-474F-964A-E35AB3EC1350} = {4F02D0CA-DE78-474F-964A-E35AB3EC1350}
		{C959D58A-0928-4C7A-8044-E9B282954403} = {C959D58A-0928-4C7A-8044-E9B282954403}
	EndProjectSection
EndProject
Project("{FAE04EC0-301F-11D3-BF4B-00C04F79EFBC}") = "JapeFramework", "JapeFramework\JapeFramework.csproj", "{C959D58A-0928-4C7A-8044-E9B282954403}"
EndProject
Project("{2150E333-8FDC-42A3-9474-1A3956D46DE8}") = "Games", "Games", "{02EA681E-C7D8-13C7-8484-4AC65E1B71E8}"
EndProject
Project("{2150E333-8FDC-42A3-9474-1A3956D46DE8}") = "FrogFight", "FrogFight", "{DF5D3CA1-0885-4B91-A82F-ABB9E0DA8B6F}"
EndProject
Project("{2150E333-8FDC-42A3-9474-1A3956D46DE8}") = "HelloMonoGame", "HelloMonoGame", "{457D4EE5-8DDF-4C8F-A9A0-9DF083BA4888}"
EndProject
Project("{2150E333-8FDC-42A3-9474-1A3956D46DE8}") = "UntitledGemGame", "UntitledGemGame", "{6357BE28-404E-42DC-B1AC-62E7535F3A82}"
EndProject
Project("{FAE04EC0-301F-11D3-BF4B-00C04F79EFBC}") = "UntitledGemGame", "Games\UntitledGemGame\UntitledGemGame.csproj", "{2765C994-179F-3263-93DB-D1130C2E17C9}"
EndProject
Project("{FAE04EC0-301F-11D3-BF4B-00C04F79EFBC}") = "UpgradesGenerator", "Games\Generation\UpgradesGenerator.csproj", "{4F02D0CA-DE78-474F-964A-E35AB3EC1350}"
EndProject
Project("{FAE04EC0-301F-11D3-BF4B-00C04F79EFBC}") = "ContentBuilder", "Games\UntitledGemGame\ContentBuilder\ContentBuilder.csproj", "{8BA6EED1-44CB-8E1E-8D70-1F94878B10F4}"
EndProject
Global
	GlobalSection(SolutionConfigurationPlatforms) = preSolution
		Debug|Any CPU = Debug|Any CPU
		Release|Any CPU = Release|Any CPU
	EndGlobalSection
	GlobalSection(ProjectConfigurationPlatforms) = postSolution
		{BD580B00-2CB9-424F-B73D-F62E5E2D7C85}.Debug|Any CPU.ActiveCfg = Debug|Any CPU
		{BD580B00-2CB9-424F-B73D-F62E5E2D7C85}.Debug|Any CPU.Build.0 = Debug|Any CPU
		{BD580B00-2CB9-424F-B73D-F62E5E2D7C85}.Release|Any CPU.ActiveCfg = Release|Any CPU
		{BD580B00-2CB9-424F-B73D-F62E5E2D7C85}.Release|Any CPU.Build.0 = Release|Any CPU
		{C959D58A-0928-4C7A-8044-E9B282954403}.Debug|Any CPU.ActiveCfg = Debug|Any CPU
		{C959D58A-0928-4C7A-8044-E9B282954403}.Debug|Any CPU.Build.0 = Debug|Any CPU
		{C959D58A-0928-4C7A-8044-E9B282954403}.Release|Any CPU.ActiveCfg = Release|Any CPU
		{C959D58A-0928-4C7A-8044-E9B282954403}.Release|Any CPU.Build.0 = Release|Any CPU
		{2765C994-179F-3263-93DB-D1130C2E17C9}.Debug|Any CPU.ActiveCfg = Debug|Any CPU
		{2765C994-179F-3263-93DB-D1130C2E17C9}.Debug|Any CPU.Build.0 = Debug|Any CPU
		{2765C994-179F-3263-93DB-D1130C2E17C9}.Release|Any CPU.ActiveCfg = Release|Any CPU
		{2765C994-179F-3263-93DB-D1130C2E17C9}.Release|Any CPU.Build.0 = Release|Any CPU
		{4F02D0CA-DE78-474F-964A-E35AB3EC1350}.Debug|Any CPU.ActiveCfg = Debug|Any CPU
		{4F02D0CA-DE78-474F-964A-E35AB3EC1350}.Debug|Any CPU.Build.0 = Debug|Any CPU
		{4F02D0CA-DE78-474F-964A-E35AB3EC1350}.Release|Any CPU.ActiveCfg = Release|Any CPU
		{4F02D0CA-DE78-474F-964A-E35AB3EC1350}.Release|Any CPU.Build.0 = Release|Any CPU
		{8BA6EED1-44CB-8E1E-8D70-1F94878B10F4}.Debug|Any CPU.ActiveCfg = Debug|Any CPU
		{8BA6EED1-44CB-8E1E-8D70-1F94878B10F4}.Debug|Any CPU.Build.0 = Debug|Any CPU
		{8BA6EED1-44CB-8E1E-8D70-1F94878B10F4}.Release|Any CPU.ActiveCfg = Release|Any CPU
		{8BA6EED1-44CB-8E1E-8D70-1F94878B10F4}.Release|Any CPU.Build.0 = Release|Any CPU
	EndGlobalSection
	GlobalSection(SolutionProperties) = preSolution
		HideSolutionNode = FALSE
	EndGlobalSection
	GlobalSection(NestedProjects) = preSolution
		{DF5D3CA1-0885-4B91-A82F-ABB9E0DA8B6F} = {02EA681E-C7D8-13C7-8484-4AC65E1B71E8}
		{457D4EE5-8DDF-4C8F-A9A0-9DF083BA4888} = {02EA681E-C7D8-13C7-8484-4AC65E1B71E8}
		{6357BE28-404E-42DC-B1AC-62E7535F3A82} = {02EA681E-C7D8-13C7-8484-4AC65E1B71E8}
		{2765C994-179F-3263-93DB-D1130C2E17C9} = {6357BE28-404E-42DC-B1AC-62E7535F3A82}
		{4F02D0CA-DE78-474F-964A-E35AB3EC1350} = {02EA681E-C7D8-13C7-8484-4AC65E1B71E8}
		{8BA6EED1-44CB-8E1E-8D70-1F94878B10F4} = {6357BE28-404E-42DC-B1AC-62E7535F3A82}
	EndGlobalSection
	GlobalSection(ExtensibilityGlobals) = postSolution
		SolutionGuid = {36E4D560-7278-4884-8F81-F773316D2ADC}
	EndGlobalSection
EndGlobal
