
Microsoft Visual Studio Solution File, Format Version 12.00
# Visual Studio Version 17
VisualStudioVersion = 17.13.35919.96
MinimumVisualStudioVersion = 10.0.40219.1
Project("{FAE04EC0-301F-11D3-BF4B-00C04F79EFBC}") = "HelloMonoGame", "HelloMonoGame\HelloMonoGame.csproj", "{082FBC7A-6847-48B4-8E88-607A3ECCC969}"
EndProject
Project("{FAE04EC0-301F-11D3-BF4B-00C04F79EFBC}") = "ContentSourceGenerator", "ContentSourceGenerator\ContentSourceGenerator.csproj", "{BD580B00-2CB9-424F-B73D-F62E5E2D7C85}"
EndProject
Project("{FAE04EC0-301F-11D3-BF4B-00C04F79EFBC}") = "FrogFight", "FrogFight\FrogFight.csproj", "{D2E75559-0D2B-C2EB-8410-82B22197F00D}"
EndProject
Project("{FAE04EC0-301F-11D3-BF4B-00C04F79EFBC}") = "JapeFramework", "JapeFramework\JapeFramework.csproj", "{C959D58A-0928-4C7A-8044-E9B282954403}"
EndProject
Global
	GlobalSection(SolutionConfigurationPlatforms) = preSolution
		Debug|Any CPU = Debug|Any CPU
		Release|Any CPU = Release|Any CPU
	EndGlobalSection
	GlobalSection(ProjectConfigurationPlatforms) = postSolution
		{082FBC7A-6847-48B4-8E88-607A3ECCC969}.Debug|Any CPU.ActiveCfg = Debug|Any CPU
		{082FBC7A-6847-48B4-8E88-607A3ECCC969}.Debug|Any CPU.Build.0 = Debug|Any CPU
		{082FBC7A-6847-48B4-8E88-607A3ECCC969}.Release|Any CPU.ActiveCfg = Release|Any CPU
		{082FBC7A-6847-48B4-8E88-607A3ECCC969}.Release|Any CPU.Build.0 = Release|Any CPU
		{BD580B00-2CB9-424F-B73D-F62E5E2D7C85}.Debug|Any CPU.ActiveCfg = Debug|Any CPU
		{BD580B00-2CB9-424F-B73D-F62E5E2D7C85}.Debug|Any CPU.Build.0 = Debug|Any CPU
		{BD580B00-2CB9-424F-B73D-F62E5E2D7C85}.Release|Any CPU.ActiveCfg = Release|Any CPU
		{BD580B00-2CB9-424F-B73D-F62E5E2D7C85}.Release|Any CPU.Build.0 = Release|Any CPU
		{D2E75559-0D2B-C2EB-8410-82B22197F00D}.Debug|Any CPU.ActiveCfg = Debug|Any CPU
		{D2E75559-0D2B-C2EB-8410-82B22197F00D}.Debug|Any CPU.Build.0 = Debug|Any CPU
		{D2E75559-0D2B-C2EB-8410-82B22197F00D}.Release|Any CPU.ActiveCfg = Release|Any CPU
		{D2E75559-0D2B-C2EB-8410-82B22197F00D}.Release|Any CPU.Build.0 = Release|Any CPU
		{C959D58A-0928-4C7A-8044-E9B282954403}.Debug|Any CPU.ActiveCfg = Debug|Any CPU
		{C959D58A-0928-4C7A-8044-E9B282954403}.Debug|Any CPU.Build.0 = Debug|Any CPU
		{C959D58A-0928-4C7A-8044-E9B282954403}.Release|Any CPU.ActiveCfg = Release|Any CPU
		{C959D58A-0928-4C7A-8044-E9B282954403}.Release|Any CPU.Build.0 = Release|Any CPU
	EndGlobalSection
	GlobalSection(SolutionProperties) = preSolution
		HideSolutionNode = FALSE
	EndGlobalSection
	GlobalSection(ExtensibilityGlobals) = postSolution
		SolutionGuid = {36E4D560-7278-4884-8F81-F773316D2ADC}
	EndGlobalSection
	GlobalSection(SharedMSBuildProjectFiles) = preSolution
		Base\Base.projitems*{d2e75559-0d2b-c2eb-8410-82b22197f00d}*SharedItemsImports = 5
	EndGlobalSection
EndGlobal
