Microsoft Visual Studio Solution File, Format Version 12.00
# Visual Studio Version 17
VisualStudioVersion = 17.5.2.0
MinimumVisualStudioVersion = 10.0.40219.1
Project("{FAE04EC0-301F-11D3-BF4B-00C04F79EFBC}") = "HelloMonoGame", "HelloMonoGame.csproj", "{DF675CDB-E669-C452-9DA8-82C500E74789}"
EndProject
Global
	GlobalSection(SolutionConfigurationPlatforms) = preSolution
		Debug|Any CPU = Debug|Any CPU
		Release|Any CPU = Release|Any CPU
	EndGlobalSection
	GlobalSection(ProjectConfigurationPlatforms) = postSolution
		{DF675CDB-E669-C452-9DA8-82C500E74789}.Debug|Any CPU.ActiveCfg = Debug|Any CPU
		{DF675CDB-E669-C452-9DA8-82C500E74789}.Debug|Any CPU.Build.0 = Debug|Any CPU
		{DF675CDB-E669-C452-9DA8-82C500E74789}.Release|Any CPU.ActiveCfg = Release|Any CPU
		{DF675CDB-E669-C452-9DA8-82C500E74789}.Release|Any CPU.Build.0 = Release|Any CPU
	EndGlobalSection
	GlobalSection(SolutionProperties) = preSolution
		HideSolutionNode = FALSE
	EndGlobalSection
	GlobalSection(ExtensibilityGlobals) = postSolution
		SolutionGuid = {C880B02F-6F06-40C3-85BA-2B3DDF714B5A}
	EndGlobalSection
EndGlobal
